{
  "name": "BoxPrint",
  "version": "1.0.0",
  "lockfileVersion": 2,
  "requires": true,
  "packages": {
    "": {
      "name": "BoxPrint",
      "version": "1.0.0",
      "license": "MIT",
      "dependencies": {
        "@jscad/json-serializer": "^2.0.23",
        "@jscad/obj-serializer": "^2.1.13",
        "console-clear": "^1.1.1",
        "fs-extra": "^11.1.0",
        "json5": "^2.2.2",
        "nodemon": "^3.1.14"
      },
      "devDependencies": {
        "@jscad/cli": "^2.2.7"
      }
    },
    "node_modules/@jscad/3mf-serializer": {
      "version": "2.1.8",
      "resolved": "https://registry.npmjs.org/@jscad/3mf-serializer/-/3mf-serializer-2.1.8.tgz",
      "integrity": "sha512-cSXF44wi6a79pNl+K/rvZxb1Le7D+iH+PbQCyvtoYgdXPslZPdQuUNWqxtzmZbiTiHah1vbDa5WISIntvBXocw==",
      "dev": true,
      "dependencies": {
        "@jscad/array-utils": "2.1.4",
        "@jscad/modeling": "2.11.1",
        "fflate": "0.7.3",
        "onml": "1.2.0"
      }
    },
    "node_modules/@jscad/amf-deserializer": {
      "version": "2.3.4",
      "resolved": "https://registry.npmjs.org/@jscad/amf-deserializer/-/amf-deserializer-2.3.4.tgz",
      "integrity": "sha512-1JgC2dAMWavI2NL6cx+Z6BBpk3nbHG7Hh2AJMv81ch5KGMCY6yom7Wmqk0rTA0vAn2yv2sFz8KpQ7fEh+2GnNQ==",
      "dev": true,
      "dependencies": {
        "@jscad/modeling": "2.11.1",
        "saxes": "5.0.1"
      }
    },
    "node_modules/@jscad/amf-serializer": {
      "version": "2.1.14",
      "resolved": "https://registry.npmjs.org/@jscad/amf-serializer/-/amf-serializer-2.1.14.tgz",
      "integrity": "sha512-wJDKfFoawggB4ch58OTbrxoWRUkPQx8HsWafkfFL3xxQB+I1kkT28V+4fcMciT7dApVHu4x3Kseb45XF4gu7hQ==",
      "dev": true,
      "dependencies": {
        "@jscad/array-utils": "2.1.4",
        "@jscad/modeling": "2.11.1",
        "onml": "1.3.0"
      }
    },
    "node_modules/@jscad/amf-serializer/node_modules/onml": {
      "version": "1.3.0",
      "resolved": "https://registry.npmjs.org/onml/-/onml-1.3.0.tgz",
      "integrity": "sha512-RhGUsC6Im2A5vAdIvxE3auRKTqrqUZQl/AYLn8+9lM3SO4da5bwhcI5TcM+hfQxNCSLLOVErsl9p0ZPjKKmz+g==",
      "dev": true,
      "dependencies": {
        "sax": "^1.2.1"
      }
    },
    "node_modules/@jscad/array-utils": {
      "version": "2.1.4",
      "resolved": "https://registry.npmjs.org/@jscad/array-utils/-/array-utils-2.1.4.tgz",
      "integrity": "sha512-c31r4zSKsE+4Xfwk2V8monDA0hx5G89QGzaakWVUvuGNowYS9WSsYCwHiTIXodjR+HEnDu4okQ7k/whmP0Ne2g=="
    },
    "node_modules/@jscad/cli": {
      "version": "2.2.26",
      "resolved": "https://registry.npmjs.org/@jscad/cli/-/cli-2.2.26.tgz",
      "integrity": "sha512-zGm7nhr6KUky0Ilh94CbkMN9yJ5sjxQPS781rNkSkwhcPNfJodOpqc665k9lG2RJdpEGVyXTrdAYj+hTl4kESw==",
      "dev": true,
      "hasInstallScript": true,
      "dependencies": {
        "@jscad/array-utils": "2.1.4",
        "@jscad/core": "2.6.6",
        "@jscad/io": "2.4.5",
        "@jscad/modeling": "2.11.1"
      },
      "bin": {
        "jscad": "cli.js"
      }
    },
    "node_modules/@jscad/core": {
      "version": "2.6.6",
      "resolved": "https://registry.npmjs.org/@jscad/core/-/core-2.6.6.tgz",
      "integrity": "sha512-CC+v6Kqpw8dplOrnNP8IsMQKNTG97p/2ZrCwR/sX4sFmZwYZC8R7Fzb01ZAbjyGQlfWMa/UrQhEQI8UTPSY8MA==",
      "dev": true,
      "dependencies": {
        "@jscad/array-utils": "2.1.4",
        "@jscad/io": "2.4.5",
        "@jscad/io-utils": "2.0.24",
        "@jscad/modeling": "2.11.1",
        "json5": "2.2.3",
        "strip-bom": "4.0.0"
      }
    },
    "node_modules/@jscad/dxf-deserializer": {
      "version": "2.3.21",
      "resolved": "https://registry.npmjs.org/@jscad/dxf-deserializer/-/dxf-deserializer-2.3.21.tgz",
      "integrity": "sha512-EG2JDsO6AfgQ3Mda1PblstM8+HU7/ZHLvLevNOXW8U3qbrsuS5+QlZad4cTIydCaR9tHazkwaQuoxQyqmqbSAA==",
      "dev": true,
      "dependencies": {
        "@jscad/modeling": "2.11.1"
      }
    },
    "node_modules/@jscad/dxf-serializer": {
      "version": "2.1.14",
      "resolved": "https://registry.npmjs.org/@jscad/dxf-serializer/-/dxf-serializer-2.1.14.tgz",
      "integrity": "sha512-EQx8ZjKnTocS4UzXVpc5KzHlDRcWZPp/4WQtm/TdBJFJF5QzCjJjxYdmgX4ZeB/A/fyNGAk9u64Ugv1yWy+eig==",
      "dev": true,
      "dependencies": {
        "@jscad/array-utils": "2.1.4",
        "@jscad/modeling": "2.11.1"
      }
    },
    "node_modules/@jscad/io": {
      "version": "2.4.5",
      "resolved": "https://registry.npmjs.org/@jscad/io/-/io-2.4.5.tgz",
      "integrity": "sha512-GNZSORDtwlfbIq1RHuhrDw06gFDE6sm8EElCeoCffuxGdaRfuuQBOkVi3WhzAdjQu0mIJp8OIyWCcmV2ah2vGQ==",
      "dev": true,
      "dependencies": {
        "@jscad/3mf-serializer": "2.1.8",
        "@jscad/amf-deserializer": "2.3.4",
        "@jscad/amf-serializer": "2.1.14",
        "@jscad/array-utils": "2.1.4",
        "@jscad/dxf-deserializer": "2.3.21",
        "@jscad/dxf-serializer": "2.1.14",
        "@jscad/io-utils": "2.0.24",
        "@jscad/json-deserializer": "2.0.25",
        "@jscad/json-serializer": "2.0.24",
        "@jscad/modeling": "2.11.1",
        "@jscad/obj-deserializer": "2.0.24",
        "@jscad/obj-serializer": "2.1.14",
        "@jscad/stl-deserializer": "2.1.21",
        "@jscad/stl-serializer": "2.1.14",
        "@jscad/svg-deserializer": "2.5.5",
        "@jscad/svg-serializer": "2.3.12",
        "@jscad/x3d-deserializer": "2.2.4",
        "@jscad/x3d-serializer": "2.4.4"
      }
    },
    "node_modules/@jscad/io-utils": {
      "version": "2.0.24",
      "resolved": "https://registry.npmjs.org/@jscad/io-utils/-/io-utils-2.0.24.tgz",
      "integrity": "sha512-wjkBKZZStq3R/fjpX2k+HwKsl6kQPMOVu+0tYivFNl4ffduBFa6EAOYry/9wh4gkNCody2e7IKF+9fzQACSVyA==",
      "dev": true
    },
    "node_modules/@jscad/json-deserializer": {
      "version": "2.0.25",
      "resolved": "https://registry.npmjs.org/@jscad/json-deserializer/-/json-deserializer-2.0.25.tgz",
      "integrity": "sha512-+WkhjjLwheRyHtBmdx1V3ulwsRRbA6RdiG1b1CoaUOc56AvC4L451QGpmxSe24oqwhJ3m1FHY+2w1ex/n4s6cQ==",
      "dev": true,
      "dependencies": {
        "@jscad/array-utils": "2.1.4"
      }
    },
    "node_modules/@jscad/json-serializer": {
      "version": "2.0.24",
      "resolved": "https://registry.npmjs.org/@jscad/json-serializer/-/json-serializer-2.0.24.tgz",
      "integrity": "sha512-Omratf94wR0jHhT9R2HuIa2ZjdwBb1C1lIvgc8ND7SvDIwdlEOO4XsdGHCY/A4JQDiLq5k7JZsTg9s9VpKv9iQ==",
      "dependencies": {
        "@jscad/modeling": "2.11.1"
      }
    },
    "node_modules/@jscad/modeling": {
      "version": "2.11.1",
      "resolved": "https://registry.npmjs.org/@jscad/modeling/-/modeling-2.11.1.tgz",
      "integrity": "sha512-DPrbLcLHDJ1nbpB5FiMwy/DXCdJGkpDyDZQTYHwzK3Fq91x4iPOAABAKkX1QgJ7zlhitMNWo+j7+RmjMzqbYCw=="
    },
    "node_modules/@jscad/obj-deserializer": {
      "version": "2.0.24",
      "resolved": "https://registry.npmjs.org/@jscad/obj-deserializer/-/obj-deserializer-2.0.24.tgz",
      "integrity": "sha512-SRpfCyiz/6biiH5d/RjV4y4ir4SsenGKd8IpO+IcZQnX2yOueSMFn+E9E1tRM+KEMcuH/x/sYltG8hqNYdOD2w==",
      "dev": true,
      "dependencies": {
        "@jscad/modeling": "2.11.1"
      }
    },
    "node_modules/@jscad/obj-serializer": {
      "version": "2.1.14",
      "resolved": "https://registry.npmjs.org/@jscad/obj-serializer/-/obj-serializer-2.1.14.tgz",
      "integrity": "sha512-Kyp+xtcI4b9WjQ9RWpQ7kaIpRGqPjvwiAUA1NkolstqQWvXGuiS8ISJ/h/FE409YVR4adAgT9dzbBzit5ADzsA==",
      "dependencies": {
        "@jscad/array-utils": "2.1.4",
        "@jscad/modeling": "2.11.1"
      }
    },
    "node_modules/@jscad/stl-deserializer": {
      "version": "2.1.21",
      "resolved": "https://registry.npmjs.org/@jscad/stl-deserializer/-/stl-deserializer-2.1.21.tgz",
      "integrity": "sha512-ENXj8lNExAE08zVjyBgUQXUwL+BP8QiFftPNu7Mprt4ocEkLHS2AyeQLB3Cw6m7LwaCFWau95psbHsuLQI6//w==",
      "dev": true,
      "dependencies": {
        "@jscad/io-utils": "2.0.24",
        "@jscad/modeling": "2.11.1"
      }
    },
    "node_modules/@jscad/stl-serializer": {
      "version": "2.1.14",
      "resolved": "https://registry.npmjs.org/@jscad/stl-serializer/-/stl-serializer-2.1.14.tgz",
      "integrity": "sha512-+q1DIX66iwx1wWLN4x0ASXbykqsIEeGzImZ7sG+xz6hMflaHIK1riiorTSMF8sF2uWZrTMOmODGlNxe3/fh35g==",
      "dev": true,
      "dependencies": {
        "@jscad/array-utils": "2.1.4",
        "@jscad/modeling": "2.11.1"
      }
    },
    "node_modules/@jscad/svg-deserializer": {
      "version": "2.5.5",
      "resolved": "https://registry.npmjs.org/@jscad/svg-deserializer/-/svg-deserializer-2.5.5.tgz",
      "integrity": "sha512-cmpDRXvT6jda2ZnmeihCbK5ezqHV/jcyNkzmUQagWnFpblpSCqxkmRFPRyNz0qom2rMMYta6/s5vd1WGRcoRLA==",
      "dev": true,
      "dependencies": {
        "@jscad/array-utils": "2.1.4",
        "@jscad/modeling": "2.11.1",
        "saxes": "5.0.1"
      }
    },
    "node_modules/@jscad/svg-serializer": {
      "version": "2.3.12",
      "resolved": "https://registry.npmjs.org/@jscad/svg-serializer/-/svg-serializer-2.3.12.tgz",
      "integrity": "sha512-DuemAMtYAOmlLh2cKQbrB59GqHXTPeT9/icZTTTRLXnR9WpwGZma1VC12bH1LfrY0kHnz5a0R6GarCrqctp/XQ==",
      "dev": true,
      "dependencies": {
        "@jscad/modeling": "2.11.1",
        "onml": "1.3.0"
      }
    },
    "node_modules/@jscad/svg-serializer/node_modules/onml": {
      "version": "1.3.0",
      "resolved": "https://registry.npmjs.org/onml/-/onml-1.3.0.tgz",
      "integrity": "sha512-RhGUsC6Im2A5vAdIvxE3auRKTqrqUZQl/AYLn8+9lM3SO4da5bwhcI5TcM+hfQxNCSLLOVErsl9p0ZPjKKmz+g==",
      "dev": true,
      "dependencies": {
        "sax": "^1.2.1"
      }
    },
    "node_modules/@jscad/x3d-deserializer": {
      "version": "2.2.4",
      "resolved": "https://registry.npmjs.org/@jscad/x3d-deserializer/-/x3d-deserializer-2.2.4.tgz",
      "integrity": "sha512-uICgaQuNUj/YVgLmdCP7fN7KK5LUWHbAvqcurDVtp+7qo2ILvTePcJ8KJCi54QQfCWMEyW09e2isaxEt0L4WWw==",
      "dev": true,
      "dependencies": {
        "@jscad/array-utils": "2.1.4",
        "@jscad/modeling": "2.11.1",
        "saxes": "5.0.1"
      }
    },
    "node_modules/@jscad/x3d-serializer": {
      "version": "2.4.4",
      "resolved": "https://registry.npmjs.org/@jscad/x3d-serializer/-/x3d-serializer-2.4.4.tgz",
      "integrity": "sha512-R58UnS+BWTa1LCx1JRTaOT5eE10+yhH0pcNQKqk9eqJOlmBrHdST0Ad4QwU4Csc5BsU5UCDXDV+eM6f909wjNA==",
      "dev": true,
      "dependencies": {
        "@jscad/array-utils": "2.1.4",
        "@jscad/modeling": "2.11.1",
        "onml": "1.3.0"
      }
    },
    "node_modules/@jscad/x3d-serializer/node_modules/onml": {
      "version": "1.3.0",
      "resolved": "https://registry.npmjs.org/onml/-/onml-1.3.0.tgz",
      "integrity": "sha512-RhGUsC6Im2A5vAdIvxE3auRKTqrqUZQl/AYLn8+9lM3SO4da5bwhcI5TcM+hfQxNCSLLOVErsl9p0ZPjKKmz+g==",
      "dev": true,
      "dependencies": {
        "sax": "^1.2.1"
      }
    },
    "node_modules/abbrev": {
      "version": "1.1.1",
      "resolved": "https://registry.npmjs.org/abbrev/-/abbrev-1.1.1.tgz",
      "integrity": "sha512-nne9/IiQ/hzIhY6pdDnbBtz7DjPTKrY00P/zvPSm5pOFkl6xuGrGnXn/VtTNNfNtAfZ9/1RtehkszU9qcTii0Q=="
    },
    "node_modules/anymatch": {
      "version": "3.1.3",
      "resolved": "https://registry.npmjs.org/anymatch/-/anymatch-3.1.3.tgz",
      "integrity": "sha512-KMReFUr0B4t+D+OBkjR3KYqvocp2XaSzO55UcB6mgQMd3KbcE+mWTyvVV7D/zsdEbNnV6acZUutkiHQXvTr1Rw==",
      "dependencies": {
        "normalize-path": "^3.0.0",
        "picomatch": "^2.0.4"
      },
      "engines": {
        "node": ">= 8"
      }
    },
    "node_modules/balanced-match": {
      "version": "4.0.4",
      "resolved": "https://registry.npmjs.org/balanced-match/-/balanced-match-4.0.4.tgz",
      "integrity": "sha512-BLrgEcRTwX2o6gGxGOCNyMvGSp35YofuYzw9h1IMTRmKqttAZZVU67bdb9Pr2vUHA8+j3i2tJfjO6C6+4myGTA==",
      "engines": {
        "node": "18 || 20 || >=22"
      }
    },
    "node_modules/binary-extensions": {
      "version": "2.2.0",
      "resolved": "https://registry.npmjs.org/binary-extensions/-/binary-extensions-2.2.0.tgz",
      "integrity": "sha512-jDctJ/IVQbZoJykoeHbhXpOlNBqGNcwXJKJog42E5HDPUwQTSdjCHdihjj0DlnheQ7blbT6dHOafNAiS8ooQKA==",
      "engines": {
        "node": ">=8"
      }
    },
    "node_modules/brace-expansion": {
      "version": "5.0.3",
      "resolved": "https://registry.npmjs.org/brace-expansion/-/brace-expansion-5.0.3.tgz",
      "integrity": "sha512-fy6KJm2RawA5RcHkLa1z/ScpBeA762UF9KmZQxwIbDtRJrgLzM10depAiEQ+CXYcoiqW1/m96OAAoke2nE9EeA==",
      "dependencies": {
        "balanced-match": "^4.0.2"
      },
      "engines": {
        "node": "18 || 20 || >=22"
      }
    },
    "node_modules/braces": {
      "version": "3.0.2",
      "resolved": "https://registry.npmjs.org/braces/-/braces-3.0.2.tgz",
      "integrity": "sha512-b8um+L1RzM3WDSzvhm6gIz1yfTbBt6YTlcEKAvsmqCZZFw46z626lVj9j1yEPW33H5H+lBQpZMP1k8l+78Ha0A==",
      "dependencies": {
        "fill-range": "^7.0.1"
      },
      "engines": {
        "node": ">=8"
      }
    },
    "node_modules/chokidar": {
      "version": "3.5.3",
      "resolved": "https://registry.npmjs.org/chokidar/-/chokidar-3.5.3.tgz",
      "integrity": "sha512-Dr3sfKRP6oTcjf2JmUmFJfeVMvXBdegxB0iVQ5eb2V10uFJUCAS8OByZdVAyVb8xXNz3GjjTgj9kLWsZTqE6kw==",
      "funding": [
        {
          "type": "individual",
          "url": "https://paulmillr.com/funding/"
        }
      ],
      "dependencies": {
        "anymatch": "~3.1.2",
        "braces": "~3.0.2",
        "glob-parent": "~5.1.2",
        "is-binary-path": "~2.1.0",
        "is-glob": "~4.0.1",
        "normalize-path": "~3.0.0",
        "readdirp": "~3.6.0"
      },
      "engines": {
        "node": ">= 8.10.0"
      },
      "optionalDependencies": {
        "fsevents": "~2.3.2"
      }
    },
    "node_modules/console-clear": {
      "version": "1.1.1",
      "resolved": "https://registry.npmjs.org/console-clear/-/console-clear-1.1.1.tgz",
      "integrity": "sha512-pMD+MVR538ipqkG5JXeOEbKWS5um1H4LUUccUQG68qpeqBYbzYy79Gh55jkd2TtPdRfUaLWdv6LPP//5Zt0aPQ==",
      "engines": {
        "node": ">=4"
      }
    },
    "node_modules/debug": {
      "version": "4.4.3",
      "resolved": "https://registry.npmjs.org/debug/-/debug-4.4.3.tgz",
      "integrity": "sha512-RGwwWnwQvkVfavKVt22FGLw+xYSdzARwm0ru6DhTVA3umU5hZc28V3kO4stgYryrTlLpuvgI9GiijltAjNbcqA==",
      "dependencies": {
        "ms": "^2.1.3"
      },
      "engines": {
        "node": ">=6.0"
      },
      "peerDependenciesMeta": {
        "supports-color": {
          "optional": true
        }
      }
    },
    "node_modules/fflate": {
      "version": "0.7.3",
      "resolved": "https://registry.npmjs.org/fflate/-/fflate-0.7.3.tgz",
      "integrity": "sha512-0Zz1jOzJWERhyhsimS54VTqOteCNwRtIlh8isdL0AXLo0g7xNTfTL7oWrkmCnPhZGocKIkWHBistBrrpoNH3aw==",
      "dev": true
    },
    "node_modules/fill-range": {
      "version": "7.0.1",
      "resolved": "https://registry.npmjs.org/fill-range/-/fill-range-7.0.1.tgz",
      "integrity": "sha512-qOo9F+dMUmC2Lcb4BbVvnKJxTPjCm+RRpe4gDuGrzkL7mEVl/djYSu2OdQ2Pa302N4oqkSg9ir6jaLWJ2USVpQ==",
      "dependencies": {
        "to-regex-range": "^5.0.1"
      },
      "engines": {
        "node": ">=8"
      }
    },
    "node_modules/fs-extra": {
      "version": "11.1.1",
      "resolved": "https://registry.npmjs.org/fs-extra/-/fs-extra-11.1.1.tgz",
      "integrity": "sha512-MGIE4HOvQCeUCzmlHs0vXpih4ysz4wg9qiSAu6cd42lVwPbTM1TjV7RusoyQqMmk/95gdQZX72u+YW+c3eEpFQ==",
      "dependencies": {
        "graceful-fs": "^4.2.0",
        "jsonfile": "^6.0.1",
        "universalify": "^2.0.0"
      },
      "engines": {
        "node": ">=14.14"
      }
    },
    "node_modules/fsevents": {
      "version": "2.3.2",
      "resolved": "https://registry.npmjs.org/fsevents/-/fsevents-2.3.2.tgz",
      "integrity": "sha512-xiqMQR4xAeHTuB9uWm+fFRcIOgKBMiOBP+eXiyT7jsgVCq1bkVygt00oASowB7EdtpOHaaPgKt812P9ab+DDKA==",
      "hasInstallScript": true,
      "optional": true,
      "os": [
        "darwin"
      ],
      "engines": {
        "node": "^8.16.0 || ^10.6.0 || >=11.0.0"
      }
    },
    "node_modules/glob-parent": {
      "version": "5.1.2",
      "resolved": "https://registry.npmjs.org/glob-parent/-/glob-parent-5.1.2.tgz",
      "integrity": "sha512-AOIgSQCepiJYwP3ARnGx+5VnTu2HBYdzbGP45eLw1vr3zB3vZLeyed1sC9hnbcOc9/SrMyM5RPQrkGz4aS9Zow==",
      "dependencies": {
        "is-glob": "^4.0.1"
      },
      "engines": {
        "node": ">= 6"
      }
    },
    "node_modules/graceful-fs": {
      "version": "4.2.11",
      "resolved": "https://registry.npmjs.org/graceful-fs/-/graceful-fs-4.2.11.tgz",
      "integrity": "sha512-RbJ5/jmFcNNCcDV5o9eTnBLJ/HszWV0P73bc+Ff4nS/rJj+YaS6IGyiOL0VoBYX+l1Wrl3k63h/KrH+nhJ0XvQ=="
    },
    "node_modules/has-flag": {
      "version": "3.0.0",
      "resolved": "https://registry.npmjs.org/has-flag/-/has-flag-3.0.0.tgz",
      "integrity": "sha512-sKJf1+ceQBr4SMkvQnBDNDtf4TXpVhVGateu0t918bl30FnbE2m4vNLX+VWe/dpjlb+HugGYzW7uQXH98HPEYw==",
      "engines": {
        "node": ">=4"
      }
    },
    "node_modules/ignore-by-default": {
      "version": "1.0.1",
      "resolved": "https://registry.npmjs.org/ignore-by-default/-/ignore-by-default-1.0.1.tgz",
      "integrity": "sha512-Ius2VYcGNk7T90CppJqcIkS5ooHUZyIQK+ClZfMfMNFEF9VSE73Fq+906u/CWu92x4gzZMWOwfFYckPObzdEbA=="
    },
    "node_modules/is-binary-path": {
      "version": "2.1.0",
      "resolved": "https://registry.npmjs.org/is-binary-path/-/is-binary-path-2.1.0.tgz",
      "integrity": "sha512-ZMERYes6pDydyuGidse7OsHxtbI7WVeUEozgR/g7rd0xUimYNlvZRE/K2MgZTjWy725IfelLeVcEM97mmtRGXw==",
      "dependencies": {
        "binary-extensions": "^2.0.0"
      },
      "engines": {
        "node": ">=8"
      }
    },
    "node_modules/is-extglob": {
      "version": "2.1.1",
      "resolved": "https://registry.npmjs.org/is-extglob/-/is-extglob-2.1.1.tgz",
      "integrity": "sha512-SbKbANkN603Vi4jEZv49LeVJMn4yGwsbzZworEoyEiutsN3nJYdbO36zfhGJ6QEDpOZIFkDtnq5JRxmvl3jsoQ==",
      "engines": {
        "node": ">=0.10.0"
      }
    },
    "node_modules/is-glob": {
      "version": "4.0.3",
      "resolved": "https://registry.npmjs.org/is-glob/-/is-glob-4.0.3.tgz",
      "integrity": "sha512-xelSayHH36ZgE7ZWhli7pW34hNbNl8Ojv5KVmkJD4hBdD3th8Tfk9vYasLM+mXWOZhFkgZfxhLSnrwRr4elSSg==",
      "dependencies": {
        "is-extglob": "^2.1.1"
      },
      "engines": {
        "node": ">=0.10.0"
      }
    },
    "node_modules/is-number": {
      "version": "7.0.0",
      "resolved": "https://registry.npmjs.org/is-number/-/is-number-7.0.0.tgz",
      "integrity": "sha512-41Cifkg6e8TylSpdtTpeLVMqvSBEVzTttHvERD741+pnZ8ANv0004MRL43QKPDlK9cGvNp6NZWZUBlbGXYxxng==",
      "engines": {
        "node": ">=0.12.0"
      }
    },
    "node_modules/json5": {
      "version": "2.2.3",
      "resolved": "https://registry.npmjs.org/json5/-/json5-2.2.3.tgz",
      "integrity": "sha512-XmOWe7eyHYH14cLdVPoyg+GOH3rYX++KpzrylJwSW98t3Nk+U8XOl8FWKOgwtzdb8lXGf6zYwDUzeHMWfxasyg==",
      "bin": {
        "json5": "lib/cli.js"
      },
      "engines": {
        "node": ">=6"
      }
    },
    "node_modules/jsonfile": {
      "version": "6.1.0",
      "resolved": "https://registry.npmjs.org/jsonfile/-/jsonfile-6.1.0.tgz",
      "integrity": "sha512-5dgndWOriYSm5cnYaJNhalLNDKOqFwyDB/rr1E9ZsGciGvKPs8R2xYGCacuf3z6K1YKDz182fd+fY3cn3pMqXQ==",
      "dependencies": {
        "universalify": "^2.0.0"
      },
      "optionalDependencies": {
        "graceful-fs": "^4.1.6"
      }
    },
    "node_modules/minimatch": {
      "version": "10.2.2",
      "resolved": "https://registry.npmjs.org/minimatch/-/minimatch-10.2.2.tgz",
      "integrity": "sha512-+G4CpNBxa5MprY+04MbgOw1v7So6n5JY166pFi9KfYwT78fxScCeSNQSNzp6dpPSW2rONOps6Ocam1wFhCgoVw==",
      "dependencies": {
        "brace-expansion": "^5.0.2"
      },
      "engines": {
        "node": "18 || 20 || >=22"
      },
      "funding": {
        "url": "https://github.com/sponsors/isaacs"
      }
    },
    "node_modules/ms": {
      "version": "2.1.3",
      "resolved": "https://registry.npmjs.org/ms/-/ms-2.1.3.tgz",
      "integrity": "sha512-6FlzubTLZG3J2a/NVCAleEhjzq5oxgHyaCU9yYXvcLsvoVaHJq/s5xXI6/XXP6tz7R9xAOtHnSO/tXtF3WRTlA=="
    },
    "node_modules/nodemon": {
      "version": "3.1.14",
      "resolved": "https://registry.npmjs.org/nodemon/-/nodemon-3.1.14.tgz",
      "integrity": "sha512-jakjZi93UtB3jHMWsXL68FXSAosbLfY0In5gtKq3niLSkrWznrVBzXFNOEMJUfc9+Ke7SHWoAZsiMkNP3vq6Jw==",
      "dependencies": {
        "chokidar": "^3.5.2",
        "debug": "^4",
        "ignore-by-default": "^1.0.1",
        "minimatch": "^10.2.1",
        "pstree.remy": "^1.1.8",
        "semver": "^7.5.3",
        "simple-update-notifier": "^2.0.0",
        "supports-color": "^5.5.0",
        "touch": "^3.1.0",
        "undefsafe": "^2.0.5"
      },
      "bin": {
        "nodemon": "bin/nodemon.js"
      },
      "engines": {
        "node": ">=10"
      },
      "funding": {
        "type": "opencollective",
        "url": "https://opencollective.com/nodemon"
      }
    },
    "node_modules/nopt": {
      "version": "1.0.10",
      "resolved": "https://registry.npmjs.org/nopt/-/nopt-1.0.10.tgz",
      "integrity": "sha512-NWmpvLSqUrgrAC9HCuxEvb+PSloHpqVu+FqcO4eeF2h5qYRhA7ev6KvelyQAKtegUbC6RypJnlEOhd8vloNKYg==",
      "dependencies": {
        "abbrev": "1"
      },
      "bin": {
        "nopt": "bin/nopt.js"
      },
      "engines": {
        "node": "*"
      }
    },
    "node_modules/normalize-path": {
      "version": "3.0.0",
      "resolved": "https://registry.npmjs.org/normalize-path/-/normalize-path-3.0.0.tgz",
      "integrity": "sha512-6eZs5Ls3WtCisHWp9S2GUy8dqkpGi4BVSz3GaqiE6ezub0512ESztXUwUB6C6IKbQkY2Pnb/mD4WYojCRwcwLA==",
      "engines": {
        "node": ">=0.10.0"
      }
    },
    "node_modules/onml": {
      "version": "1.2.0",
      "resolved": "https://registry.npmjs.org/onml/-/onml-1.2.0.tgz",
      "integrity": "sha512-olqYAg18XoHAhm7tK9DdBCOVdts70DGmMgCNLOWyqZokht2utgGSKBB4JHi6pBZpmioAhcYlxK+91L3tsrz+GA==",
      "dev": true,
      "dependencies": {
        "sax": "^1.2.1"
      }
    },
    "node_modules/picomatch": {
      "version": "2.3.1",
      "resolved": "https://registry.npmjs.org/picomatch/-/picomatch-2.3.1.tgz",
      "integrity": "sha512-JU3teHTNjmE2VCGFzuY8EXzCDVwEqB2a8fsIvwaStHhAWJEeVd1o1QD80CU6+ZdEXXSLbSsuLwJjkCBWqRQUVA==",
      "engines": {
        "node": ">=8.6"
      },
      "funding": {
        "url": "https://github.com/sponsors/jonschlinkert"
      }
    },
    "node_modules/pstree.remy": {
      "version": "1.1.8",
      "resolved": "https://registry.npmjs.org/pstree.remy/-/pstree.remy-1.1.8.tgz",
      "integrity": "sha512-77DZwxQmxKnu3aR542U+X8FypNzbfJ+C5XQDk3uWjWxn6151aIMGthWYRXTqT1E5oJvg+ljaa2OJi+VfvCOQ8w=="
    },
    "node_modules/readdirp": {
      "version": "3.6.0",
      "resolved": "https://registry.npmjs.org/readdirp/-/readdirp-3.6.0.tgz",
      "integrity": "sha512-hOS089on8RduqdbhvQ5Z37A0ESjsqz6qnRcffsMU3495FuTdqSm+7bhJ29JvIOsBDEEnan5DPu9t3To9VRlMzA==",
      "dependencies": {
        "picomatch": "^2.2.1"
      },
      "engines": {
        "node": ">=8.10.0"
      }
    },
    "node_modules/sax": {
      "version": "1.2.4",
      "resolved": "https://registry.npmjs.org/sax/-/sax-1.2.4.tgz",
      "integrity": "sha512-NqVDv9TpANUjFm0N8uM5GxL36UgKi9/atZw+x7YFnQ8ckwFGKrl4xX4yWtrey3UJm5nP1kUbnYgLopqWNSRhWw==",
      "dev": true
    },
    "node_modules/saxes": {
      "version": "5.0.1",
      "resolved": "https://registry.npmjs.org/saxes/-/saxes-5.0.1.tgz",
      "integrity": "sha512-5LBh1Tls8c9xgGjw3QrMwETmTMVk0oFgvrFSvWx62llR2hcEInrKNZ2GZCCuuy2lvWrdl5jhbpeqc5hRYKFOcw==",
      "dev": true,
      "dependencies": {
        "xmlchars": "^2.2.0"
      },
      "engines": {
        "node": ">=10"
      }
    },
    "node_modules/semver": {
      "version": "7.7.4",
      "resolved": "https://registry.npmjs.org/semver/-/semver-7.7.4.tgz",
      "integrity": "sha512-vFKC2IEtQnVhpT78h1Yp8wzwrf8CM+MzKMHGJZfBtzhZNycRFnXsHk6E5TxIkkMsgNS7mdX3AGB7x2QM2di4lA==",
      "bin": {
        "semver": "bin/semver.js"
      },
      "engines": {
        "node": ">=10"
      }
    },
    "node_modules/simple-update-notifier": {
      "version": "2.0.0",
      "resolved": "https://registry.npmjs.org/simple-update-notifier/-/simple-update-notifier-2.0.0.tgz",
      "integrity": "sha512-a2B9Y0KlNXl9u/vsW6sTIu9vGEpfKu2wRV6l1H3XEas/0gUIzGzBoP/IouTcUQbm9JWZLH3COxyn03TYlFax6w==",
      "dependencies": {
        "semver": "^7.5.3"
      },
      "engines": {
        "node": ">=10"
      }
    },
    "node_modules/strip-bom": {
      "version": "4.0.0",
      "resolved": "https://registry.npmjs.org/strip-bom/-/strip-bom-4.0.0.tgz",
      "integrity": "sha512-3xurFv5tEgii33Zi8Jtp55wEIILR9eh34FAW00PZf+JnSsTmV/ioewSgQl97JHvgjoRGwPShsWm+IdrxB35d0w==",
      "dev": true,
      "engines": {
        "node": ">=8"
      }
    },
    "node_modules/supports-color": {
      "version": "5.5.0",
      "resolved": "https://registry.npmjs.org/supports-color/-/supports-color-5.5.0.tgz",
      "integrity": "sha512-QjVjwdXIt408MIiAqCX4oUKsgU2EqAGzs2Ppkm4aQYbjm+ZEWEcW4SfFNTr4uMNZma0ey4f5lgLrkB0aX0QMow==",
      "dependencies": {
        "has-flag": "^3.0.0"
      },
      "engines": {
        "node": ">=4"
      }
    },
    "node_modules/to-regex-range": {
      "version": "5.0.1",
      "resolved": "https://registry.npmjs.org/to-regex-range/-/to-regex-range-5.0.1.tgz",
      "integrity": "sha512-65P7iz6X5yEr1cwcgvQxbbIw7Uk3gOy5dIdtZ4rDveLqhrdJP+Li/Hx6tyK0NEb+2GCyneCMJiGqrADCSNk8sQ==",
      "dependencies": {
        "is-number": "^7.0.0"
      },
      "engines": {
        "node": ">=8.0"
      }
    },
    "node_modules/touch": {
      "version": "3.1.0",
      "resolved": "https://registry.npmjs.org/touch/-/touch-3.1.0.tgz",
      "integrity": "sha512-WBx8Uy5TLtOSRtIq+M03/sKDrXCLHxwDcquSP2c43Le03/9serjQBIztjRz6FkJez9D/hleyAXTBGLwwZUw9lA==",
      "dependencies": {
        "nopt": "~1.0.10"
      },
      "bin": {
        "nodetouch": "bin/nodetouch.js"
      }
    },
    "node_modules/undefsafe": {
      "version": "2.0.5",
      "resolved": "https://registry.npmjs.org/undefsafe/-/undefsafe-2.0.5.tgz",
      "integrity": "sha512-WxONCrssBM8TSPRqN5EmsjVrsv4A8X12J4ArBiiayv3DyyG3ZlIg6yysuuSYdZsVz3TKcTg2fd//Ujd4CHV1iA=="
    },
    "node_modules/universalify": {
      "version": "2.0.0",
      "resolved": "https://registry.npmjs.org/universalify/-/universalify-2.0.0.tgz",
      "integrity": "sha512-hAZsKq7Yy11Zu1DE0OzWjw7nnLZmJZYTDZZyEFHZdUhV8FkH5MCfoU1XMaxXovpyW5nq5scPqq0ZDP9Zyl04oQ==",
      "engines": {
        "node": ">= 10.0.0"
      }
    },
    "node_modules/xmlchars": {
      "version": "2.2.0",
      "resolved": "https://registry.npmjs.org/xmlchars/-/xmlchars-2.2.0.tgz",
      "integrity": "sha512-JZnDKK8B0RCDw84FNdDAIpZK+JuJw+s7Lz8nksI7SIuU3UXJJslUthsi+uWBUYOwPFwW7W7PRLRfUKpxjtjFCw==",
      "dev": true
    }
  },
  "dependencies": {
    "@jscad/3mf-serializer": {
      "version": "2.1.8",
      "resolved": "https://registry.npmjs.org/@jscad/3mf-serializer/-/3mf-serializer-2.1.8.tgz",
      "integrity": "sha512-cSXF44wi6a79pNl+K/rvZxb1Le7D+iH+PbQCyvtoYgdXPslZPdQuUNWqxtzmZbiTiHah1vbDa5WISIntvBXocw==",
      "dev": true,
      "requires": {
        "@jscad/array-utils": "2.1.4",
        "@jscad/modeling": "2.11.1",
        "fflate": "0.7.3",
        "onml": "1.2.0"
      }
    },
    "@jscad/amf-deserializer": {
      "version": "2.3.4",
      "resolved": "https://registry.npmjs.org/@jscad/amf-deserializer/-/amf-deserializer-2.3.4.tgz",
      "integrity": "sha512-1JgC2dAMWavI2NL6cx+Z6BBpk3nbHG7Hh2AJMv81ch5KGMCY6yom7Wmqk0rTA0vAn2yv2sFz8KpQ7fEh+2GnNQ==",
      "dev": true,
      "requires": {
        "@jscad/modeling": "2.11.1",
        "saxes": "5.0.1"
      }
    },
    "@jscad/amf-serializer": {
      "version": "2.1.14",
      "resolved": "https://registry.npmjs.org/@jscad/amf-serializer/-/amf-serializer-2.1.14.tgz",
      "integrity": "sha512-wJDKfFoawggB4ch58OTbrxoWRUkPQx8HsWafkfFL3xxQB+I1kkT28V+4fcMciT7dApVHu4x3Kseb45XF4gu7hQ==",
      "dev": true,
      "requires": {
        "@jscad/array-utils": "2.1.4",
        "@jscad/modeling": "2.11.1",
        "onml": "1.3.0"
      },
      "dependencies": {
        "onml": {
          "version": "1.3.0",
          "resolved": "https://registry.npmjs.org/onml/-/onml-1.3.0.tgz",
          "integrity": "sha512-RhGUsC6Im2A5vAdIvxE3auRKTqrqUZQl/AYLn8+9lM3SO4da5bwhcI5TcM+hfQxNCSLLOVErsl9p0ZPjKKmz+g==",
          "dev": true,
          "requires": {
            "sax": "^1.2.1"
          }
        }
      }
    },
    "@jscad/array-utils": {
      "version": "2.1.4",
      "resolved": "https://registry.npmjs.org/@jscad/array-utils/-/array-utils-2.1.4.tgz",
      "integrity": "sha512-c31r4zSKsE+4Xfwk2V8monDA0hx5G89QGzaakWVUvuGNowYS9WSsYCwHiTIXodjR+HEnDu4okQ7k/whmP0Ne2g=="
    },
    "@jscad/cli": {
      "version": "2.2.26",
      "resolved": "https://registry.npmjs.org/@jscad/cli/-/cli-2.2.26.tgz",
      "integrity": "sha512-zGm7nhr6KUky0Ilh94CbkMN9yJ5sjxQPS781rNkSkwhcPNfJodOpqc665k9lG2RJdpEGVyXTrdAYj+hTl4kESw==",
      "dev": true,
      "requires": {
        "@jscad/array-utils": "2.1.4",
        "@jscad/core": "2.6.6",
        "@jscad/io": "2.4.5",
        "@jscad/modeling": "2.11.1"
      }
    },
    "@jscad/core": {
      "version": "2.6.6",
      "resolved": "https://registry.npmjs.org/@jscad/core/-/core-2.6.6.tgz",
      "integrity": "sha512-CC+v6Kqpw8dplOrnNP8IsMQKNTG97p/2ZrCwR/sX4sFmZwYZC8R7Fzb01ZAbjyGQlfWMa/UrQhEQI8UTPSY8MA==",
      "dev": true,
      "requires": {
        "@jscad/array-utils": "2.1.4",
        "@jscad/io": "2.4.5",
        "@jscad/io-utils": "2.0.24",
        "@jscad/modeling": "2.11.1",
        "json5": "2.2.3",
        "strip-bom": "4.0.0"
      }
    },
    "@jscad/dxf-deserializer": {
      "version": "2.3.21",
      "resolved": "https://registry.npmjs.org/@jscad/dxf-deserializer/-/dxf-deserializer-2.3.21.tgz",
      "integrity": "sha512-EG2JDsO6AfgQ3Mda1PblstM8+HU7/ZHLvLevNOXW8U3qbrsuS5+QlZad4cTIydCaR9tHazkwaQuoxQyqmqbSAA==",
      "dev": true,
      "requires": {
        "@jscad/modeling": "2.11.1"
      }
    },
    "@jscad/dxf-serializer": {
      "version": "2.1.14",
      "resolved": "https://registry.npmjs.org/@jscad/dxf-serializer/-/dxf-serializer-2.1.14.tgz",
      "integrity": "sha512-EQx8ZjKnTocS4UzXVpc5KzHlDRcWZPp/4WQtm/TdBJFJF5QzCjJjxYdmgX4ZeB/A/fyNGAk9u64Ugv1yWy+eig==",
      "dev": true,
      "requires": {
        "@jscad/array-utils": "2.1.4",
        "@jscad/modeling": "2.11.1"
      }
    },
    "@jscad/io": {
      "version": "2.4.5",
      "resolved": "https://registry.npmjs.org/@jscad/io/-/io-2.4.5.tgz",
      "integrity": "sha512-GNZSORDtwlfbIq1RHuhrDw06gFDE6sm8EElCeoCffuxGdaRfuuQBOkVi3WhzAdjQu0mIJp8OIyWCcmV2ah2vGQ==",
      "dev": true,
      "requires": {
        "@jscad/3mf-serializer": "2.1.8",
        "@jscad/amf-deserializer": "2.3.4",
        "@jscad/amf-serializer": "2.1.14",
        "@jscad/array-utils": "2.1.4",
        "@jscad/dxf-deserializer": "2.3.21",
        "@jscad/dxf-serializer": "2.1.14",
        "@jscad/io-utils": "2.0.24",
        "@jscad/json-deserializer": "2.0.25",
        "@jscad/json-serializer": "2.0.24",
        "@jscad/modeling": "2.11.1",
        "@jscad/obj-deserializer": "2.0.24",
        "@jscad/obj-serializer": "2.1.14",
        "@jscad/stl-deserializer": "2.1.21",
        "@jscad/stl-serializer": "2.1.14",
        "@jscad/svg-deserializer": "2.5.5",
        "@jscad/svg-serializer": "2.3.12",
        "@jscad/x3d-deserializer": "2.2.4",
        "@jscad/x3d-serializer": "2.4.4"
      }
    },
    "@jscad/io-utils": {
      "version": "2.0.24",
      "resolved": "https://registry.npmjs.org/@jscad/io-utils/-/io-utils-2.0.24.tgz",
      "integrity": "sha512-wjkBKZZStq3R/fjpX2k+HwKsl6kQPMOVu+0tYivFNl4ffduBFa6EAOYry/9wh4gkNCody2e7IKF+9fzQACSVyA==",
      "dev": true
    },
    "@jscad/json-deserializer": {
      "version": "2.0.25",
      "resolved": "https://registry.npmjs.org/@jscad/json-deserializer/-/json-deserializer-2.0.25.tgz",
      "integrity": "sha512-+WkhjjLwheRyHtBmdx1V3ulwsRRbA6RdiG1b1CoaUOc56AvC4L451QGpmxSe24oqwhJ3m1FHY+2w1ex/n4s6cQ==",
      "dev": true,
      "requires": {
        "@jscad/array-utils": "2.1.4"
      }
    },
    "@jscad/json-serializer": {
      "version": "2.0.24",
      "resolved": "https://registry.npmjs.org/@jscad/json-serializer/-/json-serializer-2.0.24.tgz",
      "integrity": "sha512-Omratf94wR0jHhT9R2HuIa2ZjdwBb1C1lIvgc8ND7SvDIwdlEOO4XsdGHCY/A4JQDiLq5k7JZsTg9s9VpKv9iQ==",
      "requires": {
        "@jscad/modeling": "2.11.1"
      }
    },
    "@jscad/modeling": {
      "version": "2.11.1",
      "resolved": "https://registry.npmjs.org/@jscad/modeling/-/modeling-2.11.1.tgz",
      "integrity": "sha512-DPrbLcLHDJ1nbpB5FiMwy/DXCdJGkpDyDZQTYHwzK3Fq91x4iPOAABAKkX1QgJ7zlhitMNWo+j7+RmjMzqbYCw=="
    },
    "@jscad/obj-deserializer": {
      "version": "2.0.24",
      "resolved": "https://registry.npmjs.org/@jscad/obj-deserializer/-/obj-deserializer-2.0.24.tgz",
      "integrity": "sha512-SRpfCyiz/6biiH5d/RjV4y4ir4SsenGKd8IpO+IcZQnX2yOueSMFn+E9E1tRM+KEMcuH/x/sYltG8hqNYdOD2w==",
      "dev": true,
      "requires": {
        "@jscad/modeling": "2.11.1"
      }
    },
    "@jscad/obj-serializer": {
      "version": "2.1.14",
      "resolved": "https://registry.npmjs.org/@jscad/obj-serializer/-/obj-serializer-2.1.14.tgz",
      "integrity": "sha512-Kyp+xtcI4b9WjQ9RWpQ7kaIpRGqPjvwiAUA1NkolstqQWvXGuiS8ISJ/h/FE409YVR4adAgT9dzbBzit5ADzsA==",
      "requires": {
        "@jscad/array-utils": "2.1.4",
        "@jscad/modeling": "2.11.1"
      }
    },
    "@jscad/stl-deserializer": {
      "version": "2.1.21",
      "resolved": "https://registry.npmjs.org/@jscad/stl-deserializer/-/stl-deserializer-2.1.21.tgz",
      "integrity": "sha512-ENXj8lNExAE08zVjyBgUQXUwL+BP8QiFftPNu7Mprt4ocEkLHS2AyeQLB3Cw6m7LwaCFWau95psbHsuLQI6//w==",
      "dev": true,
      "requires": {
        "@jscad/io-utils": "2.0.24",
        "@jscad/modeling": "2.11.1"
      }
    },
    "@jscad/stl-serializer": {
      "version": "2.1.14",
      "resolved": "https://registry.npmjs.org/@jscad/stl-serializer/-/stl-serializer-2.1.14.tgz",
      "integrity": "sha512-+q1DIX66iwx1wWLN4x0ASXbykqsIEeGzImZ7sG+xz6hMflaHIK1riiorTSMF8sF2uWZrTMOmODGlNxe3/fh35g==",
      "dev": true,
      "requires": {
        "@jscad/array-utils": "2.1.4",
        "@jscad/modeling": "2.11.1"
      }
    },
    "@jscad/svg-deserializer": {
      "version": "2.5.5",
      "resolved": "https://registry.npmjs.org/@jscad/svg-deserializer/-/svg-deserializer-2.5.5.tgz",
      "integrity": "sha512-cmpDRXvT6jda2ZnmeihCbK5ezqHV/jcyNkzmUQagWnFpblpSCqxkmRFPRyNz0qom2rMMYta6/s5vd1WGRcoRLA==",
      "dev": true,
      "requires": {
        "@jscad/array-utils": "2.1.4",
        "@jscad/modeling": "2.11.1",
        "saxes": "5.0.1"
      }
    },
    "@jscad/svg-serializer": {
      "version": "2.3.12",
      "resolved": "https://registry.npmjs.org/@jscad/svg-serializer/-/svg-serializer-2.3.12.tgz",
      "integrity": "sha512-DuemAMtYAOmlLh2cKQbrB59GqHXTPeT9/icZTTTRLXnR9WpwGZma1VC12bH1LfrY0kHnz5a0R6GarCrqctp/XQ==",
      "dev": true,
      "requires": {
        "@jscad/modeling": "2.11.1",
        "onml": "1.3.0"
      },
      "dependencies": {
        "onml": {
          "version": "1.3.0",
          "resolved": "https://registry.npmjs.org/onml/-/onml-1.3.0.tgz",
          "integrity": "sha512-RhGUsC6Im2A5vAdIvxE3auRKTqrqUZQl/AYLn8+9lM3SO4da5bwhcI5TcM+hfQxNCSLLOVErsl9p0ZPjKKmz+g==",
          "dev": true,
          "requires": {
            "sax": "^1.2.1"
          }
        }
      }
    },
    "@jscad/x3d-deserializer": {
      "version": "2.2.4",
      "resolved": "https://registry.npmjs.org/@jscad/x3d-deserializer/-/x3d-deserializer-2.2.4.tgz",
      "integrity": "sha512-uICgaQuNUj/YVgLmdCP7fN7KK5LUWHbAvqcurDVtp+7qo2ILvTePcJ8KJCi54QQfCWMEyW09e2isaxEt0L4WWw==",
      "dev": true,
      "requires": {
        "@jscad/array-utils": "2.1.4",
        "@jscad/modeling": "2.11.1",
        "saxes": "5.0.1"
      }
    },
    "@jscad/x3d-serializer": {
      "version": "2.4.4",
      "resolved": "https://registry.npmjs.org/@jscad/x3d-serializer/-/x3d-serializer-2.4.4.tgz",
      "integrity": "sha512-R58UnS+BWTa1LCx1JRTaOT5eE10+yhH0pcNQKqk9eqJOlmBrHdST0Ad4QwU4Csc5BsU5UCDXDV+eM6f909wjNA==",
      "dev": true,
      "requires": {
        "@jscad/array-utils": "2.1.4",
        "@jscad/modeling": "2.11.1",
        "onml": "1.3.0"
      },
      "dependencies": {
        "onml": {
          "version": "1.3.0",
          "resolved": "https://registry.npmjs.org/onml/-/onml-1.3.0.tgz",
          "integrity": "sha512-RhGUsC6Im2A5vAdIvxE3auRKTqrqUZQl/AYLn8+9lM3SO4da5bwhcI5TcM+hfQxNCSLLOVErsl9p0ZPjKKmz+g==",
          "dev": true,
          "requires": {
            "sax": "^1.2.1"
          }
        }
      }
    },
    "abbrev": {
      "version": "1.1.1",
      "resolved": "https://registry.npmjs.org/abbrev/-/abbrev-1.1.1.tgz",
      "integrity": "sha512-nne9/IiQ/hzIhY6pdDnbBtz7DjPTKrY00P/zvPSm5pOFkl6xuGrGnXn/VtTNNfNtAfZ9/1RtehkszU9qcTii0Q=="
    },
    "anymatch": {
      "version": "3.1.3",
      "resolved": "https://registry.npmjs.org/anymatch/-/anymatch-3.1.3.tgz",
      "integrity": "sha512-KMReFUr0B4t+D+OBkjR3KYqvocp2XaSzO55UcB6mgQMd3KbcE+mWTyvVV7D/zsdEbNnV6acZUutkiHQXvTr1Rw==",
      "requires": {
        "normalize-path": "^3.0.0",
        "picomatch": "^2.0.4"
      }
    },
    "balanced-match": {
      "version": "4.0.4",
      "resolved": "https://registry.npmjs.org/balanced-match/-/balanced-match-4.0.4.tgz",
      "integrity": "sha512-BLrgEcRTwX2o6gGxGOCNyMvGSp35YofuYzw9h1IMTRmKqttAZZVU67bdb9Pr2vUHA8+j3i2tJfjO6C6+4myGTA=="
    },
    "binary-extensions": {
      "version": "2.2.0",
      "resolved": "https://registry.npmjs.org/binary-extensions/-/binary-extensions-2.2.0.tgz",
      "integrity": "sha512-jDctJ/IVQbZoJykoeHbhXpOlNBqGNcwXJKJog42E5HDPUwQTSdjCHdihjj0DlnheQ7blbT6dHOafNAiS8ooQKA=="
    },
    "brace-expansion": {
      "version": "5.0.3",
      "resolved": "https://registry.npmjs.org/brace-expansion/-/brace-expansion-5.0.3.tgz",
      "integrity": "sha512-fy6KJm2RawA5RcHkLa1z/ScpBeA762UF9KmZQxwIbDtRJrgLzM10depAiEQ+CXYcoiqW1/m96OAAoke2nE9EeA==",
      "requires": {
        "balanced-match": "^4.0.2"
      }
    },
    "braces": {
      "version": "3.0.2",
      "resolved": "https://registry.npmjs.org/braces/-/braces-3.0.2.tgz",
      "integrity": "sha512-b8um+L1RzM3WDSzvhm6gIz1yfTbBt6YTlcEKAvsmqCZZFw46z626lVj9j1yEPW33H5H+lBQpZMP1k8l+78Ha0A==",
      "requires": {
        "fill-range": "^7.0.1"
      }
    },
    "chokidar": {
      "version": "3.5.3",
      "resolved": "https://registry.npmjs.org/chokidar/-/chokidar-3.5.3.tgz",
      "integrity": "sha512-Dr3sfKRP6oTcjf2JmUmFJfeVMvXBdegxB0iVQ5eb2V10uFJUCAS8OByZdVAyVb8xXNz3GjjTgj9kLWsZTqE6kw==",
      "requires": {
        "anymatch": "~3.1.2",
        "braces": "~3.0.2",
        "fsevents": "~2.3.2",
        "glob-parent": "~5.1.2",
        "is-binary-path": "~2.1.0",
        "is-glob": "~4.0.1",
        "normalize-path": "~3.0.0",
        "readdirp": "~3.6.0"
      }
    },
    "console-clear": {
      "version": "1.1.1",
      "resolved": "https://registry.npmjs.org/console-clear/-/console-clear-1.1.1.tgz",
      "integrity": "sha512-pMD+MVR538ipqkG5JXeOEbKWS5um1H4LUUccUQG68qpeqBYbzYy79Gh55jkd2TtPdRfUaLWdv6LPP//5Zt0aPQ=="
    },
    "debug": {
      "version": "4.4.3",
      "resolved": "https://registry.npmjs.org/debug/-/debug-4.4.3.tgz",
      "integrity": "sha512-RGwwWnwQvkVfavKVt22FGLw+xYSdzARwm0ru6DhTVA3umU5hZc28V3kO4stgYryrTlLpuvgI9GiijltAjNbcqA==",
      "requires": {
        "ms": "^2.1.3"
      }
    },
    "fflate": {
      "version": "0.7.3",
      "resolved": "https://registry.npmjs.org/fflate/-/fflate-0.7.3.tgz",
      "integrity": "sha512-0Zz1jOzJWERhyhsimS54VTqOteCNwRtIlh8isdL0AXLo0g7xNTfTL7oWrkmCnPhZGocKIkWHBistBrrpoNH3aw==",
      "dev": true
    },
    "fill-range": {
      "version": "7.0.1",
      "resolved": "https://registry.npmjs.org/fill-range/-/fill-range-7.0.1.tgz",
      "integrity": "sha512-qOo9F+dMUmC2Lcb4BbVvnKJxTPjCm+RRpe4gDuGrzkL7mEVl/djYSu2OdQ2Pa302N4oqkSg9ir6jaLWJ2USVpQ==",
      "requires": {
        "to-regex-range": "^5.0.1"
      }
    },
    "fs-extra": {
      "version": "11.1.1",
      "resolved": "https://registry.npmjs.org/fs-extra/-/fs-extra-11.1.1.tgz",
      "integrity": "sha512-MGIE4HOvQCeUCzmlHs0vXpih4ysz4wg9qiSAu6cd42lVwPbTM1TjV7RusoyQqMmk/95gdQZX72u+YW+c3eEpFQ==",
      "requires": {
        "graceful-fs": "^4.2.0",
        "jsonfile": "^6.0.1",
        "universalify": "^2.0.0"
      }
    },
    "fsevents": {
      "version": "2.3.2",
      "resolved": "https://registry.npmjs.org/fsevents/-/fsevents-2.3.2.tgz",
      "integrity": "sha512-xiqMQR4xAeHTuB9uWm+fFRcIOgKBMiOBP+eXiyT7jsgVCq1bkVygt00oASowB7EdtpOHaaPgKt812P9ab+DDKA==",
      "optional": true
    },
    "glob-parent": {
      "version": "5.1.2",
      "resolved": "https://registry.npmjs.org/glob-parent/-/glob-parent-5.1.2.tgz",
      "integrity": "sha512-AOIgSQCepiJYwP3ARnGx+5VnTu2HBYdzbGP45eLw1vr3zB3vZLeyed1sC9hnbcOc9/SrMyM5RPQrkGz4aS9Zow==",
      "requires": {
        "is-glob": "^4.0.1"
      }
    },
    "graceful-fs": {
      "version": "4.2.11",
      "resolved": "https://registry.npmjs.org/graceful-fs/-/graceful-fs-4.2.11.tgz",
      "integrity": "sha512-RbJ5/jmFcNNCcDV5o9eTnBLJ/HszWV0P73bc+Ff4nS/rJj+YaS6IGyiOL0VoBYX+l1Wrl3k63h/KrH+nhJ0XvQ=="
    },
    "has-flag": {
      "version": "3.0.0",
      "resolved": "https://registry.npmjs.org/has-flag/-/has-flag-3.0.0.tgz",
      "integrity": "sha512-sKJf1+ceQBr4SMkvQnBDNDtf4TXpVhVGateu0t918bl30FnbE2m4vNLX+VWe/dpjlb+HugGYzW7uQXH98HPEYw=="
    },
    "ignore-by-default": {
      "version": "1.0.1",
      "resolved": "https://registry.npmjs.org/ignore-by-default/-/ignore-by-default-1.0.1.tgz",
      "integrity": "sha512-Ius2VYcGNk7T90CppJqcIkS5ooHUZyIQK+ClZfMfMNFEF9VSE73Fq+906u/CWu92x4gzZMWOwfFYckPObzdEbA=="
    },
    "is-binary-path": {
      "version": "2.1.0",
      "resolved": "https://registry.npmjs.org/is-binary-path/-/is-binary-path-2.1.0.tgz",
      "integrity": "sha512-ZMERYes6pDydyuGidse7OsHxtbI7WVeUEozgR/g7rd0xUimYNlvZRE/K2MgZTjWy725IfelLeVcEM97mmtRGXw==",
      "requires": {
        "binary-extensions": "^2.0.0"
      }
    },
    "is-extglob": {
      "version": "2.1.1",
      "resolved": "https://registry.npmjs.org/is-extglob/-/is-extglob-2.1.1.tgz",
      "integrity": "sha512-SbKbANkN603Vi4jEZv49LeVJMn4yGwsbzZworEoyEiutsN3nJYdbO36zfhGJ6QEDpOZIFkDtnq5JRxmvl3jsoQ=="
    },
    "is-glob": {
      "version": "4.0.3",
      "resolved": "https://registry.npmjs.org/is-glob/-/is-glob-4.0.3.tgz",
      "integrity": "sha512-xelSayHH36ZgE7ZWhli7pW34hNbNl8Ojv5KVmkJD4hBdD3th8Tfk9vYasLM+mXWOZhFkgZfxhLSnrwRr4elSSg==",
      "requires": {
        "is-extglob": "^2.1.1"
      }
    },
    "is-number": {
      "version": "7.0.0",
      "resolved": "https://registry.npmjs.org/is-number/-/is-number-7.0.0.tgz",
      "integrity": "sha512-41Cifkg6e8TylSpdtTpeLVMqvSBEVzTttHvERD741+pnZ8ANv0004MRL43QKPDlK9cGvNp6NZWZUBlbGXYxxng=="
    },
    "json5": {
      "version": "2.2.3",
      "resolved": "https://registry.npmjs.org/json5/-/json5-2.2.3.tgz",
      "integrity": "sha512-XmOWe7eyHYH14cLdVPoyg+GOH3rYX++KpzrylJwSW98t3Nk+U8XOl8FWKOgwtzdb8lXGf6zYwDUzeHMWfxasyg=="
    },
    "jsonfile": {
      "version": "6.1.0",
      "resolved": "https://registry.npmjs.org/jsonfile/-/jsonfile-6.1.0.tgz",
      "integrity": "sha512-5dgndWOriYSm5cnYaJNhalLNDKOqFwyDB/rr1E9ZsGciGvKPs8R2xYGCacuf3z6K1YKDz182fd+fY3cn3pMqXQ==",
      "requires": {
        "graceful-fs": "^4.1.6",
        "universalify": "^2.0.0"
      }
    },
    "minimatch": {
      "version": "10.2.2",
      "resolved": "https://registry.npmjs.org/minimatch/-/minimatch-10.2.2.tgz",
      "integrity": "sha512-+G4CpNBxa5MprY+04MbgOw1v7So6n5JY166pFi9KfYwT78fxScCeSNQSNzp6dpPSW2rONOps6Ocam1wFhCgoVw==",
      "requires": {
        "brace-expansion": "^5.0.2"
      }
    },
    "ms": {
      "version": "2.1.3",
      "resolved": "https://registry.npmjs.org/ms/-/ms-2.1.3.tgz",
      "integrity": "sha512-6FlzubTLZG3J2a/NVCAleEhjzq5oxgHyaCU9yYXvcLsvoVaHJq/s5xXI6/XXP6tz7R9xAOtHnSO/tXtF3WRTlA=="
    },
    "nodemon": {
      "version": "3.1.14",
      "resolved": "https://registry.npmjs.org/nodemon/-/nodemon-3.1.14.tgz",
      "integrity": "sha512-jakjZi93UtB3jHMWsXL68FXSAosbLfY0In5gtKq3niLSkrWznrVBzXFNOEMJUfc9+Ke7SHWoAZsiMkNP3vq6Jw==",
      "requires": {
        "chokidar": "^3.5.2",
        "debug": "^4",
        "ignore-by-default": "^1.0.1",
        "minimatch": "^10.2.1",
        "pstree.remy": "^1.1.8",
        "semver": "^7.5.3",
        "simple-update-notifier": "^2.0.0",
        "supports-color": "^5.5.0",
        "touch": "^3.1.0",
        "undefsafe": "^2.0.5"
      }
    },
    "nopt": {
      "version": "1.0.10",
      "resolved": "https://registry.npmjs.org/nopt/-/nopt-1.0.10.tgz",
      "integrity": "sha512-NWmpvLSqUrgrAC9HCuxEvb+PSloHpqVu+FqcO4eeF2h5qYRhA7ev6KvelyQAKtegUbC6RypJnlEOhd8vloNKYg==",
      "requires": {
        "abbrev": "1"
      }
    },
    "normalize-path": {
      "version": "3.0.0",
      "resolved": "https://registry.npmjs.org/normalize-path/-/normalize-path-3.0.0.tgz",
      "integrity": "sha512-6eZs5Ls3WtCisHWp9S2GUy8dqkpGi4BVSz3GaqiE6ezub0512ESztXUwUB6C6IKbQkY2Pnb/mD4WYojCRwcwLA=="
    },
    "onml": {
      "version": "1.2.0",
      "resolved": "https://registry.npmjs.org/onml/-/onml-1.2.0.tgz",
      "integrity": "sha512-olqYAg18XoHAhm7tK9DdBCOVdts70DGmMgCNLOWyqZokht2utgGSKBB4JHi6pBZpmioAhcYlxK+91L3tsrz+GA==",
      "dev": true,
      "requires": {
        "sax": "^1.2.1"
      }
    },
    "picomatch": {
      "version": "2.3.1",
      "resolved": "https://registry.npmjs.org/picomatch/-/picomatch-2.3.1.tgz",
      "integrity": "sha512-JU3teHTNjmE2VCGFzuY8EXzCDVwEqB2a8fsIvwaStHhAWJEeVd1o1QD80CU6+ZdEXXSLbSsuLwJjkCBWqRQUVA=="
    },
    "pstree.remy": {
      "version": "1.1.8",
      "resolved": "https://registry.npmjs.org/pstree.remy/-/pstree.remy-1.1.8.tgz",
      "integrity": "sha512-77DZwxQmxKnu3aR542U+X8FypNzbfJ+C5XQDk3uWjWxn6151aIMGthWYRXTqT1E5oJvg+ljaa2OJi+VfvCOQ8w=="
    },
    "readdirp": {
      "version": "3.6.0",
      "resolved": "https://registry.npmjs.org/readdirp/-/readdirp-3.6.0.tgz",
      "integrity": "sha512-hOS089on8RduqdbhvQ5Z37A0ESjsqz6qnRcffsMU3495FuTdqSm+7bhJ29JvIOsBDEEnan5DPu9t3To9VRlMzA==",
      "requires": {
        "picomatch": "^2.2.1"
      }
    },
    "sax": {
      "version": "1.2.4",
      "resolved": "https://registry.npmjs.org/sax/-/sax-1.2.4.tgz",
      "integrity": "sha512-NqVDv9TpANUjFm0N8uM5GxL36UgKi9/atZw+x7YFnQ8ckwFGKrl4xX4yWtrey3UJm5nP1kUbnYgLopqWNSRhWw==",
      "dev": true
    },
    "saxes": {
      "version": "5.0.1",
      "resolved": "https://registry.npmjs.org/saxes/-/saxes-5.0.1.tgz",
      "integrity": "sha512-5LBh1Tls8c9xgGjw3QrMwETmTMVk0oFgvrFSvWx62llR2hcEInrKNZ2GZCCuuy2lvWrdl5jhbpeqc5hRYKFOcw==",
      "dev": true,
      "requires": {
        "xmlchars": "^2.2.0"
      }
    },
    "semver": {
      "version": "7.7.4",
      "resolved": "https://registry.npmjs.org/semver/-/semver-7.7.4.tgz",
      "integrity": "sha512-vFKC2IEtQnVhpT78h1Yp8wzwrf8CM+MzKMHGJZfBtzhZNycRFnXsHk6E5TxIkkMsgNS7mdX3AGB7x2QM2di4lA=="
    },
    "simple-update-notifier": {
      "version": "2.0.0",
      "resolved": "https://registry.npmjs.org/simple-update-notifier/-/simple-update-notifier-2.0.0.tgz",
      "integrity": "sha512-a2B9Y0KlNXl9u/vsW6sTIu9vGEpfKu2wRV6l1H3XEas/0gUIzGzBoP/IouTcUQbm9JWZLH3COxyn03TYlFax6w==",
      "requires": {
        "semver": "^7.5.3"
      }
    },
    "strip-bom": {
      "version": "4.0.0",
      "resolved": "https://registry.npmjs.org/strip-bom/-/strip-bom-4.0.0.tgz",
      "integrity": "sha512-3xurFv5tEgii33Zi8Jtp55wEIILR9eh34FAW00PZf+JnSsTmV/ioewSgQl97JHvgjoRGwPShsWm+IdrxB35d0w==",
      "dev": true
    },
    "supports-color": {
      "version": "5.5.0",
      "resolved": "https://registry.npmjs.org/supports-color/-/supports-color-5.5.0.tgz",
      "integrity": "sha512-QjVjwdXIt408MIiAqCX4oUKsgU2EqAGzs2Ppkm4aQYbjm+ZEWEcW4SfFNTr4uMNZma0ey4f5lgLrkB0aX0QMow==",
      "requires": {
        "has-flag": "^3.0.0"
      }
    },
    "to-regex-range": {
      "version": "5.0.1",
      "resolved": "https://registry.npmjs.org/to-regex-range/-/to-regex-range-5.0.1.tgz",
      "integrity": "sha512-65P7iz6X5yEr1cwcgvQxbbIw7Uk3gOy5dIdtZ4rDveLqhrdJP+Li/Hx6tyK0NEb+2GCyneCMJiGqrADCSNk8sQ==",
      "requires": {
        "is-number": "^7.0.0"
      }
    },
    "touch": {
      "version": "3.1.0",
      "resolved": "https://registry.npmjs.org/touch/-/touch-3.1.0.tgz",
      "integrity": "sha512-WBx8Uy5TLtOSRtIq+M03/sKDrXCLHxwDcquSP2c43Le03/9serjQBIztjRz6FkJez9D/hleyAXTBGLwwZUw9lA==",
      "requires": {
        "nopt": "~1.0.10"
      }
    },
    "undefsafe": {
      "version": "2.0.5",
      "resolved": "https://registry.npmjs.org/undefsafe/-/undefsafe-2.0.5.tgz",
      "integrity": "sha512-WxONCrssBM8TSPRqN5EmsjVrsv4A8X12J4ArBiiayv3DyyG3ZlIg6yysuuSYdZsVz3TKcTg2fd//Ujd4CHV1iA=="
    },
    "universalify": {
      "version": "2.0.0",
      "resolved": "https://registry.npmjs.org/universalify/-/universalify-2.0.0.tgz",
      "integrity": "sha512-hAZsKq7Yy11Zu1DE0OzWjw7nnLZmJZYTDZZyEFHZdUhV8FkH5MCfoU1XMaxXovpyW5nq5scPqq0ZDP9Zyl04oQ=="
    },
    "xmlchars": {
      "version": "2.2.0",
      "resolved": "https://registry.npmjs.org/xmlchars/-/xmlchars-2.2.0.tgz",
      "integrity": "sha512-JZnDKK8B0RCDw84FNdDAIpZK+JuJw+s7Lz8nksI7SIuU3UXJJslUthsi+uWBUYOwPFwW7W7PRLRfUKpxjtjFCw==",
      "dev": true
    }
  }
}
